// !$*UTF8*$!
{
	archiveVersion = 1;
	classes = {
	};
	objectVersion = 51;
	objects = {

/* Begin PBXBuildFile section */
		46A222148317341B8406B666 /* Pods_PopularMoviesTests.framework in Frameworks */ = {isa = PBXBuildFile; fileRef = D1A7972594F1CD865490FC77 /* Pods_PopularMoviesTests.framework */; };
		5BB82A3E09A9C356FF154E1D /* Pods_PopularMovies.framework in Frameworks */ = {isa = PBXBuildFile; fileRef = B14E7545739C1E6FBE68EC0A /* Pods_PopularMovies.framework */; };
		7748B79ED532FA5C89DAAEEB /* Pods_PopularMovies_PopularMoviesUITests.framework in Frameworks */ = {isa = PBXBuildFile; fileRef = 919920761BC526A3E86E87C4 /* Pods_PopularMovies_PopularMoviesUITests.framework */; };
		FF0DAB9924B221BF00E8BB70 /* PopularMoviesViewTest.swift in Sources */ = {isa = PBXBuildFile; fileRef = FF0DAB9824B221BF00E8BB70 /* PopularMoviesViewTest.swift */; };
		FF1A4DE624CF93D800816478 /* GenreCache.swift in Sources */ = {isa = PBXBuildFile; fileRef = FF1A4DE524CF93D800816478 /* GenreCache.swift */; };
		FF1A4DE924CFB67700816478 /* genres.json in Resources */ = {isa = PBXBuildFile; fileRef = FF1A4DE824CFB67700816478 /* genres.json */; };
		FF1F521B24CBD27D00B4F7AD /* URLProtocolMock.swift in Sources */ = {isa = PBXBuildFile; fileRef = FF1F521A24CBD27D00B4F7AD /* URLProtocolMock.swift */; };
		FF3A728424B286D1002479BB /* MoviesServiceImplTest.swift in Sources */ = {isa = PBXBuildFile; fileRef = FF3A728324B286D1002479BB /* MoviesServiceImplTest.swift */; };
		FF3A728724B2888B002479BB /* ApiProviderMock.swift in Sources */ = {isa = PBXBuildFile; fileRef = FF3A728624B2888B002479BB /* ApiProviderMock.swift */; };
		FF3A728924B2A47D002479BB /* ApiSecret.plist in Resources */ = {isa = PBXBuildFile; fileRef = FF3A728824B2A47D002479BB /* ApiSecret.plist */; };
		FF7F72C924BBC68600A77D25 /* PosterFetchServiceMock.swift in Sources */ = {isa = PBXBuildFile; fileRef = FF7F72C824BBC68600A77D25 /* PosterFetchServiceMock.swift */; };
		FF94887524F31C440076E431 /* 156-star-blast.json in Resources */ = {isa = PBXBuildFile; fileRef = FF94887424F31C440076E431 /* 156-star-blast.json */; };
		FFBF78AD24BA690000C2A6F9 /* SpinnerViewController.swift in Sources */ = {isa = PBXBuildFile; fileRef = FFBF78AC24BA690000C2A6F9 /* SpinnerViewController.swift */; };
		FFD5FB1A24B54132004D582C /* PopularMoviesViewModel.swift in Sources */ = {isa = PBXBuildFile; fileRef = FFD5FB1924B54132004D582C /* PopularMoviesViewModel.swift */; };
		FFD5FB1D24B54484004D582C /* PopularMoviesViewModelTest.swift in Sources */ = {isa = PBXBuildFile; fileRef = FFD5FB1C24B54484004D582C /* PopularMoviesViewModelTest.swift */; };
		FFD5FB1F24B545E5004D582C /* MoviesServiceMock.swift in Sources */ = {isa = PBXBuildFile; fileRef = FFD5FB1E24B545E5004D582C /* MoviesServiceMock.swift */; };
		FFD5FB2224B54E9E004D582C /* MovieCollectionViewCell.swift in Sources */ = {isa = PBXBuildFile; fileRef = FFD5FB2024B54E9E004D582C /* MovieCollectionViewCell.swift */; };
		FFD5FB2324B54E9E004D582C /* MovieCollectionViewCell.xib in Resources */ = {isa = PBXBuildFile; fileRef = FFD5FB2124B54E9E004D582C /* MovieCollectionViewCell.xib */; };
		FFDD29E824CE0D2C003EB018 /* DetailViewController.swift in Sources */ = {isa = PBXBuildFile; fileRef = FFDD29E624CE0D2C003EB018 /* DetailViewController.swift */; };
		FFDD29E924CE0D2C003EB018 /* DetailViewController.xib in Resources */ = {isa = PBXBuildFile; fileRef = FFDD29E724CE0D2C003EB018 /* DetailViewController.xib */; };
		FFDD29EE24CE1937003EB018 /* DetailViewModel.swift in Sources */ = {isa = PBXBuildFile; fileRef = FFDD29ED24CE1937003EB018 /* DetailViewModel.swift */; };
		FFDD29F024CE19D6003EB018 /* DetailViewCoordinator.swift in Sources */ = {isa = PBXBuildFile; fileRef = FFDD29EF24CE19D6003EB018 /* DetailViewCoordinator.swift */; };
		FFDD29F424CE3C3C003EB018 /* Genre.swift in Sources */ = {isa = PBXBuildFile; fileRef = FFDD29F324CE3C3C003EB018 /* Genre.swift */; };
		FFDD29F924CE3E9B003EB018 /* GenresMapper.swift in Sources */ = {isa = PBXBuildFile; fileRef = FFDD29F824CE3E9B003EB018 /* GenresMapper.swift */; };
		FFDD29FD24CE40F8003EB018 /* RemoteGenreLoader.swift in Sources */ = {isa = PBXBuildFile; fileRef = FFDD29FC24CE40F8003EB018 /* RemoteGenreLoader.swift */; };
		FFDD2A0324CE41F8003EB018 /* MoviesDBHttpProvider.swift in Sources */ = {isa = PBXBuildFile; fileRef = FFDD2A0224CE41F8003EB018 /* MoviesDBHttpProvider.swift */; };
		FFDD2A0624CE4556003EB018 /* GenreLoader.swift in Sources */ = {isa = PBXBuildFile; fileRef = FFDD2A0524CE4556003EB018 /* GenreLoader.swift */; };
		FFDFEF2B24B22AF3007229C9 /* PopularMoviesViewControllerTest.swift in Sources */ = {isa = PBXBuildFile; fileRef = FFDFEF2A24B22AF3007229C9 /* PopularMoviesViewControllerTest.swift */; };
		FFDFEF2E24B230ED007229C9 /* MoviesService.swift in Sources */ = {isa = PBXBuildFile; fileRef = FFDFEF2D24B230ED007229C9 /* MoviesService.swift */; };
		FFDFEF3124B233AB007229C9 /* Movie.swift in Sources */ = {isa = PBXBuildFile; fileRef = FFDFEF3024B233AB007229C9 /* Movie.swift */; };
		FFDFEF3324B2361C007229C9 /* MoviesMapper.swift in Sources */ = {isa = PBXBuildFile; fileRef = FFDFEF3224B2361C007229C9 /* MoviesMapper.swift */; };
		FFDFEF3524B238FB007229C9 /* MoviesServiceImpl.swift in Sources */ = {isa = PBXBuildFile; fileRef = FFDFEF3424B238FB007229C9 /* MoviesServiceImpl.swift */; };
		FFDFEF3824B23A4E007229C9 /* ApiProvider.swift in Sources */ = {isa = PBXBuildFile; fileRef = FFDFEF3724B23A4E007229C9 /* ApiProvider.swift */; };
		FFDFF67524BBB2A000A5C9A9 /* PosterFetchService.swift in Sources */ = {isa = PBXBuildFile; fileRef = FFDFF67424BBB2A000A5C9A9 /* PosterFetchService.swift */; };
		FFDFF67724BBB3CB00A5C9A9 /* NukePosterFetchService.swift in Sources */ = {isa = PBXBuildFile; fileRef = FFDFF67624BBB3CB00A5C9A9 /* NukePosterFetchService.swift */; };
		FFE3FAAB24D0E765007D3496 /* DetailViewCoordinatorTest.swift in Sources */ = {isa = PBXBuildFile; fileRef = FFE3FAAA24D0E765007D3496 /* DetailViewCoordinatorTest.swift */; };
		FFE3FAAD24D0E937007D3496 /* Movie+Stub.swift in Sources */ = {isa = PBXBuildFile; fileRef = FFE3FAAC24D0E937007D3496 /* Movie+Stub.swift */; };
		FFE3FAAF24D0EB7A007D3496 /* UINavigationControllerMock.swift in Sources */ = {isa = PBXBuildFile; fileRef = FFE3FAAE24D0EB7A007D3496 /* UINavigationControllerMock.swift */; };
		FFE3FAB224D0EC81007D3496 /* RemoteGenreLoaderTest.swift in Sources */ = {isa = PBXBuildFile; fileRef = FFE3FAB124D0EC81007D3496 /* RemoteGenreLoaderTest.swift */; };
		FFE3FAB424D0F36E007D3496 /* GenreCacheTest.swift in Sources */ = {isa = PBXBuildFile; fileRef = FFE3FAB324D0F36E007D3496 /* GenreCacheTest.swift */; };
		FFE3FAB724D10C13007D3496 /* DetailViewModelTest.swift in Sources */ = {isa = PBXBuildFile; fileRef = FFE3FAB624D10C13007D3496 /* DetailViewModelTest.swift */; };
		FFE3FAB924D10DCB007D3496 /* DataStub.swift in Sources */ = {isa = PBXBuildFile; fileRef = FFE3FAB824D10DCB007D3496 /* DataStub.swift */; };
		FFE3FABC24D11391007D3496 /* DetailViewControllerTest.swift in Sources */ = {isa = PBXBuildFile; fileRef = FFE3FABB24D11391007D3496 /* DetailViewControllerTest.swift */; };
		FFED2F5324B133DB009A61B7 /* AppDelegate.swift in Sources */ = {isa = PBXBuildFile; fileRef = FFED2F5224B133DB009A61B7 /* AppDelegate.swift */; };
		FFED2F5524B133DB009A61B7 /* SceneDelegate.swift in Sources */ = {isa = PBXBuildFile; fileRef = FFED2F5424B133DB009A61B7 /* SceneDelegate.swift */; };
		FFED2F5D24B133DB009A61B7 /* PopularMovies.xcdatamodeld in Sources */ = {isa = PBXBuildFile; fileRef = FFED2F5B24B133DB009A61B7 /* PopularMovies.xcdatamodeld */; };
		FFED2F5F24B133DD009A61B7 /* Assets.xcassets in Resources */ = {isa = PBXBuildFile; fileRef = FFED2F5E24B133DD009A61B7 /* Assets.xcassets */; };
		FFED2F6224B133DD009A61B7 /* LaunchScreen.storyboard in Resources */ = {isa = PBXBuildFile; fileRef = FFED2F6024B133DD009A61B7 /* LaunchScreen.storyboard */; };
		FFED2F7824B133DD009A61B7 /* PopularMoviesUITests.swift in Sources */ = {isa = PBXBuildFile; fileRef = FFED2F7724B133DD009A61B7 /* PopularMoviesUITests.swift */; };
		FFED2F8924B13805009A61B7 /* MoviesTabBarViewController.swift in Sources */ = {isa = PBXBuildFile; fileRef = FFED2F8824B13805009A61B7 /* MoviesTabBarViewController.swift */; };
		FFED2F8E24B13898009A61B7 /* PopularMoviesViewController.swift in Sources */ = {isa = PBXBuildFile; fileRef = FFED2F8D24B13898009A61B7 /* PopularMoviesViewController.swift */; };
		FFED2F9124B138BB009A61B7 /* FavoriteMoviesViewController.swift in Sources */ = {isa = PBXBuildFile; fileRef = FFED2F9024B138BB009A61B7 /* FavoriteMoviesViewController.swift */; };
		FFED2F9624B1398D009A61B7 /* Coordinator.swift in Sources */ = {isa = PBXBuildFile; fileRef = FFED2F9524B1398D009A61B7 /* Coordinator.swift */; };
		FFED2F9924B139CB009A61B7 /* MoviesCoordinator.swift in Sources */ = {isa = PBXBuildFile; fileRef = FFED2F9824B139CB009A61B7 /* MoviesCoordinator.swift */; };
		FFED2F9D24B14394009A61B7 /* Localizable.strings in Resources */ = {isa = PBXBuildFile; fileRef = FFED2F9F24B14394009A61B7 /* Localizable.strings */; };
		FFED2FA224B1453E009A61B7 /* LocalizableConstants.swift in Sources */ = {isa = PBXBuildFile; fileRef = FFED2FA124B1453E009A61B7 /* LocalizableConstants.swift */; };
		FFED2FA624B14A42009A61B7 /* Swift+Localizable.swift in Sources */ = {isa = PBXBuildFile; fileRef = FFED2FA524B14A42009A61B7 /* Swift+Localizable.swift */; };
		FFED2FA924B14CBA009A61B7 /* Constants.swift in Sources */ = {isa = PBXBuildFile; fileRef = FFED2FA824B14CBA009A61B7 /* Constants.swift */; };
		FFED2FAD24B14D32009A61B7 /* MoviesCoordinatorTest.swift in Sources */ = {isa = PBXBuildFile; fileRef = FFED2FAC24B14D32009A61B7 /* MoviesCoordinatorTest.swift */; };
		FFED2FB024B150B5009A61B7 /* MoviesTabBarViewControllerTest.swift in Sources */ = {isa = PBXBuildFile; fileRef = FFED2FAF24B150B5009A61B7 /* MoviesTabBarViewControllerTest.swift */; };
		FFED2FB224B16138009A61B7 /* PopularMoviesView.swift in Sources */ = {isa = PBXBuildFile; fileRef = FFED2FB124B16138009A61B7 /* PopularMoviesView.swift */; };
		FFF07C8224D217D700A8C911 /* GenreCacheMock.swift in Sources */ = {isa = PBXBuildFile; fileRef = FFF07C8124D217D700A8C911 /* GenreCacheMock.swift */; };
		FFFD890324CCDD05004C9393 /* MoviesDBHttpProviderTest.swift in Sources */ = {isa = PBXBuildFile; fileRef = FFFD890224CCDD05004C9393 /* MoviesDBHttpProviderTest.swift */; };
/* End PBXBuildFile section */

/* Begin PBXContainerItemProxy section */
		FFED2F6924B133DD009A61B7 /* PBXContainerItemProxy */ = {
			isa = PBXContainerItemProxy;
			containerPortal = FFED2F4724B133DB009A61B7 /* Project object */;
			proxyType = 1;
			remoteGlobalIDString = FFED2F4E24B133DB009A61B7;
			remoteInfo = PopularMovies;
		};
		FFED2F7424B133DD009A61B7 /* PBXContainerItemProxy */ = {
			isa = PBXContainerItemProxy;
			containerPortal = FFED2F4724B133DB009A61B7 /* Project object */;
			proxyType = 1;
			remoteGlobalIDString = FFED2F4E24B133DB009A61B7;
			remoteInfo = PopularMovies;
		};
/* End PBXContainerItemProxy section */

/* Begin PBXFileReference section */
		211269E23FAD64CE89F23A20 /* Pods-PopularMovies.release.xcconfig */ = {isa = PBXFileReference; includeInIndex = 1; lastKnownFileType = text.xcconfig; name = "Pods-PopularMovies.release.xcconfig"; path = "Target Support Files/Pods-PopularMovies/Pods-PopularMovies.release.xcconfig"; sourceTree = "<group>"; };
		2DCC0203998A22B8746E3FAB /* Pods-PopularMovies.debug.xcconfig */ = {isa = PBXFileReference; includeInIndex = 1; lastKnownFileType = text.xcconfig; name = "Pods-PopularMovies.debug.xcconfig"; path = "Target Support Files/Pods-PopularMovies/Pods-PopularMovies.debug.xcconfig"; sourceTree = "<group>"; };
		3E0D8053587B2B094424CBC0 /* Pods-PopularMovies-PopularMoviesUITests.release.xcconfig */ = {isa = PBXFileReference; includeInIndex = 1; lastKnownFileType = text.xcconfig; name = "Pods-PopularMovies-PopularMoviesUITests.release.xcconfig"; path = "Target Support Files/Pods-PopularMovies-PopularMoviesUITests/Pods-PopularMovies-PopularMoviesUITests.release.xcconfig"; sourceTree = "<group>"; };
		46C7D96AA7E20CC9F70C876A /* Pods-PopularMoviesTests.debug.xcconfig */ = {isa = PBXFileReference; includeInIndex = 1; lastKnownFileType = text.xcconfig; name = "Pods-PopularMoviesTests.debug.xcconfig"; path = "Target Support Files/Pods-PopularMoviesTests/Pods-PopularMoviesTests.debug.xcconfig"; sourceTree = "<group>"; };
		6F8F37FB9E8FCD2FC83E301B /* Pods-PopularMovies-PopularMoviesUITests.debug.xcconfig */ = {isa = PBXFileReference; includeInIndex = 1; lastKnownFileType = text.xcconfig; name = "Pods-PopularMovies-PopularMoviesUITests.debug.xcconfig"; path = "Target Support Files/Pods-PopularMovies-PopularMoviesUITests/Pods-PopularMovies-PopularMoviesUITests.debug.xcconfig"; sourceTree = "<group>"; };
		919920761BC526A3E86E87C4 /* Pods_PopularMovies_PopularMoviesUITests.framework */ = {isa = PBXFileReference; explicitFileType = wrapper.framework; includeInIndex = 0; path = Pods_PopularMovies_PopularMoviesUITests.framework; sourceTree = BUILT_PRODUCTS_DIR; };
		B14E7545739C1E6FBE68EC0A /* Pods_PopularMovies.framework */ = {isa = PBXFileReference; explicitFileType = wrapper.framework; includeInIndex = 0; path = Pods_PopularMovies.framework; sourceTree = BUILT_PRODUCTS_DIR; };
		D1A7972594F1CD865490FC77 /* Pods_PopularMoviesTests.framework */ = {isa = PBXFileReference; explicitFileType = wrapper.framework; includeInIndex = 0; path = Pods_PopularMoviesTests.framework; sourceTree = BUILT_PRODUCTS_DIR; };
		E6DB02723D31B7E6FF69D744 /* Pods-PopularMoviesTests.release.xcconfig */ = {isa = PBXFileReference; includeInIndex = 1; lastKnownFileType = text.xcconfig; name = "Pods-PopularMoviesTests.release.xcconfig"; path = "Target Support Files/Pods-PopularMoviesTests/Pods-PopularMoviesTests.release.xcconfig"; sourceTree = "<group>"; };
		FF0DAB9824B221BF00E8BB70 /* PopularMoviesViewTest.swift */ = {isa = PBXFileReference; lastKnownFileType = sourcecode.swift; path = PopularMoviesViewTest.swift; sourceTree = "<group>"; };
		FF1A4DE524CF93D800816478 /* GenreCache.swift */ = {isa = PBXFileReference; lastKnownFileType = sourcecode.swift; path = GenreCache.swift; sourceTree = "<group>"; };
		FF1A4DE824CFB67700816478 /* genres.json */ = {isa = PBXFileReference; lastKnownFileType = text.json; path = genres.json; sourceTree = "<group>"; };
		FF1F521A24CBD27D00B4F7AD /* URLProtocolMock.swift */ = {isa = PBXFileReference; lastKnownFileType = sourcecode.swift; path = URLProtocolMock.swift; sourceTree = "<group>"; };
		FF3A728324B286D1002479BB /* MoviesServiceImplTest.swift */ = {isa = PBXFileReference; lastKnownFileType = sourcecode.swift; path = MoviesServiceImplTest.swift; sourceTree = "<group>"; };
		FF3A728624B2888B002479BB /* ApiProviderMock.swift */ = {isa = PBXFileReference; lastKnownFileType = sourcecode.swift; path = ApiProviderMock.swift; sourceTree = "<group>"; };
		FF3A728824B2A47D002479BB /* ApiSecret.plist */ = {isa = PBXFileReference; lastKnownFileType = text.plist.xml; path = ApiSecret.plist; sourceTree = "<group>"; };
		FF7F72C824BBC68600A77D25 /* PosterFetchServiceMock.swift */ = {isa = PBXFileReference; lastKnownFileType = sourcecode.swift; path = PosterFetchServiceMock.swift; sourceTree = "<group>"; };
		FF94887424F31C440076E431 /* 156-star-blast.json */ = {isa = PBXFileReference; fileEncoding = 4; lastKnownFileType = text.json; path = "156-star-blast.json"; sourceTree = "<group>"; };
		FFBF78AC24BA690000C2A6F9 /* SpinnerViewController.swift */ = {isa = PBXFileReference; lastKnownFileType = sourcecode.swift; path = SpinnerViewController.swift; sourceTree = "<group>"; };
		FFD5FB1924B54132004D582C /* PopularMoviesViewModel.swift */ = {isa = PBXFileReference; lastKnownFileType = sourcecode.swift; path = PopularMoviesViewModel.swift; sourceTree = "<group>"; };
		FFD5FB1C24B54484004D582C /* PopularMoviesViewModelTest.swift */ = {isa = PBXFileReference; lastKnownFileType = sourcecode.swift; path = PopularMoviesViewModelTest.swift; sourceTree = "<group>"; };
		FFD5FB1E24B545E5004D582C /* MoviesServiceMock.swift */ = {isa = PBXFileReference; lastKnownFileType = sourcecode.swift; path = MoviesServiceMock.swift; sourceTree = "<group>"; };
		FFD5FB2024B54E9E004D582C /* MovieCollectionViewCell.swift */ = {isa = PBXFileReference; lastKnownFileType = sourcecode.swift; path = MovieCollectionViewCell.swift; sourceTree = "<group>"; };
		FFD5FB2124B54E9E004D582C /* MovieCollectionViewCell.xib */ = {isa = PBXFileReference; lastKnownFileType = file.xib; path = MovieCollectionViewCell.xib; sourceTree = "<group>"; };
		FFDD29E624CE0D2C003EB018 /* DetailViewController.swift */ = {isa = PBXFileReference; lastKnownFileType = sourcecode.swift; path = DetailViewController.swift; sourceTree = "<group>"; };
		FFDD29E724CE0D2C003EB018 /* DetailViewController.xib */ = {isa = PBXFileReference; lastKnownFileType = file.xib; path = DetailViewController.xib; sourceTree = "<group>"; };
		FFDD29ED24CE1937003EB018 /* DetailViewModel.swift */ = {isa = PBXFileReference; lastKnownFileType = sourcecode.swift; path = DetailViewModel.swift; sourceTree = "<group>"; };
		FFDD29EF24CE19D6003EB018 /* DetailViewCoordinator.swift */ = {isa = PBXFileReference; lastKnownFileType = sourcecode.swift; path = DetailViewCoordinator.swift; sourceTree = "<group>"; };
		FFDD29F324CE3C3C003EB018 /* Genre.swift */ = {isa = PBXFileReference; lastKnownFileType = sourcecode.swift; path = Genre.swift; sourceTree = "<group>"; };
		FFDD29F824CE3E9B003EB018 /* GenresMapper.swift */ = {isa = PBXFileReference; lastKnownFileType = sourcecode.swift; path = GenresMapper.swift; sourceTree = "<group>"; };
		FFDD29FC24CE40F8003EB018 /* RemoteGenreLoader.swift */ = {isa = PBXFileReference; lastKnownFileType = sourcecode.swift; path = RemoteGenreLoader.swift; sourceTree = "<group>"; };
		FFDD2A0224CE41F8003EB018 /* MoviesDBHttpProvider.swift */ = {isa = PBXFileReference; lastKnownFileType = sourcecode.swift; path = MoviesDBHttpProvider.swift; sourceTree = "<group>"; };
		FFDD2A0524CE4556003EB018 /* GenreLoader.swift */ = {isa = PBXFileReference; lastKnownFileType = sourcecode.swift; path = GenreLoader.swift; sourceTree = "<group>"; };
		FFDFEF2A24B22AF3007229C9 /* PopularMoviesViewControllerTest.swift */ = {isa = PBXFileReference; lastKnownFileType = sourcecode.swift; path = PopularMoviesViewControllerTest.swift; sourceTree = "<group>"; };
		FFDFEF2D24B230ED007229C9 /* MoviesService.swift */ = {isa = PBXFileReference; lastKnownFileType = sourcecode.swift; path = MoviesService.swift; sourceTree = "<group>"; };
		FFDFEF3024B233AB007229C9 /* Movie.swift */ = {isa = PBXFileReference; lastKnownFileType = sourcecode.swift; path = Movie.swift; sourceTree = "<group>"; };
		FFDFEF3224B2361C007229C9 /* MoviesMapper.swift */ = {isa = PBXFileReference; lastKnownFileType = sourcecode.swift; path = MoviesMapper.swift; sourceTree = "<group>"; };
		FFDFEF3424B238FB007229C9 /* MoviesServiceImpl.swift */ = {isa = PBXFileReference; lastKnownFileType = sourcecode.swift; path = MoviesServiceImpl.swift; sourceTree = "<group>"; };
		FFDFEF3724B23A4E007229C9 /* ApiProvider.swift */ = {isa = PBXFileReference; lastKnownFileType = sourcecode.swift; path = ApiProvider.swift; sourceTree = "<group>"; };
		FFDFF67424BBB2A000A5C9A9 /* PosterFetchService.swift */ = {isa = PBXFileReference; lastKnownFileType = sourcecode.swift; path = PosterFetchService.swift; sourceTree = "<group>"; };
		FFDFF67624BBB3CB00A5C9A9 /* NukePosterFetchService.swift */ = {isa = PBXFileReference; lastKnownFileType = sourcecode.swift; path = NukePosterFetchService.swift; sourceTree = "<group>"; };
		FFE3FAAA24D0E765007D3496 /* DetailViewCoordinatorTest.swift */ = {isa = PBXFileReference; lastKnownFileType = sourcecode.swift; path = DetailViewCoordinatorTest.swift; sourceTree = "<group>"; };
		FFE3FAAC24D0E937007D3496 /* Movie+Stub.swift */ = {isa = PBXFileReference; lastKnownFileType = sourcecode.swift; path = "Movie+Stub.swift"; sourceTree = "<group>"; };
		FFE3FAAE24D0EB7A007D3496 /* UINavigationControllerMock.swift */ = {isa = PBXFileReference; lastKnownFileType = sourcecode.swift; path = UINavigationControllerMock.swift; sourceTree = "<group>"; };
		FFE3FAB124D0EC81007D3496 /* RemoteGenreLoaderTest.swift */ = {isa = PBXFileReference; lastKnownFileType = sourcecode.swift; path = RemoteGenreLoaderTest.swift; sourceTree = "<group>"; };
		FFE3FAB324D0F36E007D3496 /* GenreCacheTest.swift */ = {isa = PBXFileReference; lastKnownFileType = sourcecode.swift; path = GenreCacheTest.swift; sourceTree = "<group>"; };
		FFE3FAB624D10C13007D3496 /* DetailViewModelTest.swift */ = {isa = PBXFileReference; lastKnownFileType = sourcecode.swift; path = DetailViewModelTest.swift; sourceTree = "<group>"; };
		FFE3FAB824D10DCB007D3496 /* DataStub.swift */ = {isa = PBXFileReference; lastKnownFileType = sourcecode.swift; path = DataStub.swift; sourceTree = "<group>"; };
		FFE3FABB24D11391007D3496 /* DetailViewControllerTest.swift */ = {isa = PBXFileReference; lastKnownFileType = sourcecode.swift; path = DetailViewControllerTest.swift; sourceTree = "<group>"; };
		FFED2F4F24B133DB009A61B7 /* PopularMovies.app */ = {isa = PBXFileReference; explicitFileType = wrapper.application; includeInIndex = 0; path = PopularMovies.app; sourceTree = BUILT_PRODUCTS_DIR; };
		FFED2F5224B133DB009A61B7 /* AppDelegate.swift */ = {isa = PBXFileReference; lastKnownFileType = sourcecode.swift; path = AppDelegate.swift; sourceTree = "<group>"; };
		FFED2F5424B133DB009A61B7 /* SceneDelegate.swift */ = {isa = PBXFileReference; lastKnownFileType = sourcecode.swift; path = SceneDelegate.swift; sourceTree = "<group>"; };
		FFED2F5C24B133DB009A61B7 /* PopularMovies.xcdatamodel */ = {isa = PBXFileReference; lastKnownFileType = wrapper.xcdatamodel; path = PopularMovies.xcdatamodel; sourceTree = "<group>"; };
		FFED2F5E24B133DD009A61B7 /* Assets.xcassets */ = {isa = PBXFileReference; lastKnownFileType = folder.assetcatalog; path = Assets.xcassets; sourceTree = "<group>"; };
		FFED2F6124B133DD009A61B7 /* Base */ = {isa = PBXFileReference; lastKnownFileType = file.storyboard; name = Base; path = Base.lproj/LaunchScreen.storyboard; sourceTree = "<group>"; };
		FFED2F6324B133DD009A61B7 /* Info.plist */ = {isa = PBXFileReference; lastKnownFileType = text.plist.xml; path = Info.plist; sourceTree = "<group>"; };
		FFED2F6824B133DD009A61B7 /* PopularMoviesTests.xctest */ = {isa = PBXFileReference; explicitFileType = wrapper.cfbundle; includeInIndex = 0; path = PopularMoviesTests.xctest; sourceTree = BUILT_PRODUCTS_DIR; };
		FFED2F6E24B133DD009A61B7 /* Info.plist */ = {isa = PBXFileReference; lastKnownFileType = text.plist.xml; path = Info.plist; sourceTree = "<group>"; };
		FFED2F7324B133DD009A61B7 /* PopularMoviesUITests.xctest */ = {isa = PBXFileReference; explicitFileType = wrapper.cfbundle; includeInIndex = 0; path = PopularMoviesUITests.xctest; sourceTree = BUILT_PRODUCTS_DIR; };
		FFED2F7724B133DD009A61B7 /* PopularMoviesUITests.swift */ = {isa = PBXFileReference; lastKnownFileType = sourcecode.swift; path = PopularMoviesUITests.swift; sourceTree = "<group>"; };
		FFED2F7924B133DD009A61B7 /* Info.plist */ = {isa = PBXFileReference; lastKnownFileType = text.plist.xml; path = Info.plist; sourceTree = "<group>"; };
		FFED2F8824B13805009A61B7 /* MoviesTabBarViewController.swift */ = {isa = PBXFileReference; lastKnownFileType = sourcecode.swift; path = MoviesTabBarViewController.swift; sourceTree = "<group>"; };
		FFED2F8D24B13898009A61B7 /* PopularMoviesViewController.swift */ = {isa = PBXFileReference; lastKnownFileType = sourcecode.swift; path = PopularMoviesViewController.swift; sourceTree = "<group>"; };
		FFED2F9024B138BB009A61B7 /* FavoriteMoviesViewController.swift */ = {isa = PBXFileReference; lastKnownFileType = sourcecode.swift; path = FavoriteMoviesViewController.swift; sourceTree = "<group>"; };
		FFED2F9524B1398D009A61B7 /* Coordinator.swift */ = {isa = PBXFileReference; lastKnownFileType = sourcecode.swift; path = Coordinator.swift; sourceTree = "<group>"; };
		FFED2F9824B139CB009A61B7 /* MoviesCoordinator.swift */ = {isa = PBXFileReference; lastKnownFileType = sourcecode.swift; path = MoviesCoordinator.swift; sourceTree = "<group>"; };
		FFED2F9E24B14394009A61B7 /* en */ = {isa = PBXFileReference; lastKnownFileType = text.plist.strings; name = en; path = en.lproj/Localizable.strings; sourceTree = "<group>"; };
		FFED2FA024B143AE009A61B7 /* pt-BR */ = {isa = PBXFileReference; lastKnownFileType = text.plist.strings; name = "pt-BR"; path = "pt-BR.lproj/Localizable.strings"; sourceTree = "<group>"; };
		FFED2FA124B1453E009A61B7 /* LocalizableConstants.swift */ = {isa = PBXFileReference; lastKnownFileType = sourcecode.swift; path = LocalizableConstants.swift; sourceTree = "<group>"; };
		FFED2FA524B14A42009A61B7 /* Swift+Localizable.swift */ = {isa = PBXFileReference; lastKnownFileType = sourcecode.swift; path = "Swift+Localizable.swift"; sourceTree = "<group>"; };
		FFED2FA824B14CBA009A61B7 /* Constants.swift */ = {isa = PBXFileReference; lastKnownFileType = sourcecode.swift; path = Constants.swift; sourceTree = "<group>"; };
		FFED2FAC24B14D32009A61B7 /* MoviesCoordinatorTest.swift */ = {isa = PBXFileReference; lastKnownFileType = sourcecode.swift; path = MoviesCoordinatorTest.swift; sourceTree = "<group>"; };
		FFED2FAF24B150B5009A61B7 /* MoviesTabBarViewControllerTest.swift */ = {isa = PBXFileReference; lastKnownFileType = sourcecode.swift; path = MoviesTabBarViewControllerTest.swift; sourceTree = "<group>"; };
		FFED2FB124B16138009A61B7 /* PopularMoviesView.swift */ = {isa = PBXFileReference; lastKnownFileType = sourcecode.swift; path = PopularMoviesView.swift; sourceTree = "<group>"; };
		FFF07C8124D217D700A8C911 /* GenreCacheMock.swift */ = {isa = PBXFileReference; lastKnownFileType = sourcecode.swift; path = GenreCacheMock.swift; sourceTree = "<group>"; };
		FFFD890224CCDD05004C9393 /* MoviesDBHttpProviderTest.swift */ = {isa = PBXFileReference; lastKnownFileType = sourcecode.swift; path = MoviesDBHttpProviderTest.swift; sourceTree = "<group>"; };
/* End PBXFileReference section */

/* Begin PBXFrameworksBuildPhase section */
		FFED2F4C24B133DB009A61B7 /* Frameworks */ = {
			isa = PBXFrameworksBuildPhase;
			buildActionMask = 2147483647;
			files = (
				5BB82A3E09A9C356FF154E1D /* Pods_PopularMovies.framework in Frameworks */,
			);
			runOnlyForDeploymentPostprocessing = 0;
		};
		FFED2F6524B133DD009A61B7 /* Frameworks */ = {
			isa = PBXFrameworksBuildPhase;
			buildActionMask = 2147483647;
			files = (
				46A222148317341B8406B666 /* Pods_PopularMoviesTests.framework in Frameworks */,
			);
			runOnlyForDeploymentPostprocessing = 0;
		};
		FFED2F7024B133DD009A61B7 /* Frameworks */ = {
			isa = PBXFrameworksBuildPhase;
			buildActionMask = 2147483647;
			files = (
				7748B79ED532FA5C89DAAEEB /* Pods_PopularMovies_PopularMoviesUITests.framework in Frameworks */,
			);
			runOnlyForDeploymentPostprocessing = 0;
		};
/* End PBXFrameworksBuildPhase section */

/* Begin PBXGroup section */
		231944D8905E7B21CFAC6A0E /* Frameworks */ = {
			isa = PBXGroup;
			children = (
				B14E7545739C1E6FBE68EC0A /* Pods_PopularMovies.framework */,
				919920761BC526A3E86E87C4 /* Pods_PopularMovies_PopularMoviesUITests.framework */,
				D1A7972594F1CD865490FC77 /* Pods_PopularMoviesTests.framework */,
			);
			name = Frameworks;
			sourceTree = "<group>";
		};
		8168A964871DCD04465283B7 /* Pods */ = {
			isa = PBXGroup;
			children = (
				2DCC0203998A22B8746E3FAB /* Pods-PopularMovies.debug.xcconfig */,
				211269E23FAD64CE89F23A20 /* Pods-PopularMovies.release.xcconfig */,
				6F8F37FB9E8FCD2FC83E301B /* Pods-PopularMovies-PopularMoviesUITests.debug.xcconfig */,
				3E0D8053587B2B094424CBC0 /* Pods-PopularMovies-PopularMoviesUITests.release.xcconfig */,
				46C7D96AA7E20CC9F70C876A /* Pods-PopularMoviesTests.debug.xcconfig */,
				E6DB02723D31B7E6FF69D744 /* Pods-PopularMoviesTests.release.xcconfig */,
			);
			path = Pods;
			sourceTree = "<group>";
		};
		FF0DAB9624B2217E00E8BB70 /* Popular */ = {
			isa = PBXGroup;
			children = (
				FFD5FB1B24B543F1004D582C /* ViewModel */,
				FF0DAB9724B221A600E8BB70 /* View */,
			);
			path = Popular;
			sourceTree = "<group>";
		};
		FF0DAB9724B221A600E8BB70 /* View */ = {
			isa = PBXGroup;
			children = (
				FF0DAB9824B221BF00E8BB70 /* PopularMoviesViewTest.swift */,
				FFDFEF2A24B22AF3007229C9 /* PopularMoviesViewControllerTest.swift */,
			);
			path = View;
			sourceTree = "<group>";
		};
		FF1A4DE724CFB66700816478 /* Resources */ = {
			isa = PBXGroup;
			children = (
				FF94887424F31C440076E431 /* 156-star-blast.json */,
				FF1A4DE824CFB67700816478 /* genres.json */,
			);
			path = Resources;
			sourceTree = "<group>";
		};
		FF3A728224B26E12002479BB /* Services */ = {
			isa = PBXGroup;
			children = (
				FFE3FAB024D0EC6F007D3496 /* Genre */,
				FFDD2A0424CE4415003EB018 /* Provider */,
				FFDD29FE24CE413A003EB018 /* Movies */,
			);
			path = Services;
			sourceTree = "<group>";
		};
		FF3A728524B2886E002479BB /* Mocks */ = {
			isa = PBXGroup;
			children = (
				FF3A728624B2888B002479BB /* ApiProviderMock.swift */,
				FFD5FB1E24B545E5004D582C /* MoviesServiceMock.swift */,
				FF7F72C824BBC68600A77D25 /* PosterFetchServiceMock.swift */,
				FF1F521A24CBD27D00B4F7AD /* URLProtocolMock.swift */,
				FFE3FAAC24D0E937007D3496 /* Movie+Stub.swift */,
				FFE3FAAE24D0EB7A007D3496 /* UINavigationControllerMock.swift */,
				FFE3FAB824D10DCB007D3496 /* DataStub.swift */,
				FFF07C8124D217D700A8C911 /* GenreCacheMock.swift */,
			);
			path = Mocks;
			sourceTree = "<group>";
		};
		FFD5FB1824B540FD004D582C /* ViewModel */ = {
			isa = PBXGroup;
			children = (
				FFD5FB1924B54132004D582C /* PopularMoviesViewModel.swift */,
			);
			path = ViewModel;
			sourceTree = "<group>";
		};
		FFD5FB1B24B543F1004D582C /* ViewModel */ = {
			isa = PBXGroup;
			children = (
				FFD5FB1C24B54484004D582C /* PopularMoviesViewModelTest.swift */,
			);
			path = ViewModel;
			sourceTree = "<group>";
		};
		FFDD29E424CE0CCB003EB018 /* Detail */ = {
			isa = PBXGroup;
			children = (
				FFDD29EC24CE1917003EB018 /* ViewModel */,
				FFDD29EA24CE18F8003EB018 /* Coordinator */,
				FFDD29E524CE0CDC003EB018 /* View */,
			);
			path = Detail;
			sourceTree = "<group>";
		};
		FFDD29E524CE0CDC003EB018 /* View */ = {
			isa = PBXGroup;
			children = (
				FFDD29E624CE0D2C003EB018 /* DetailViewController.swift */,
				FFDD29E724CE0D2C003EB018 /* DetailViewController.xib */,
			);
			path = View;
			sourceTree = "<group>";
		};
		FFDD29EA24CE18F8003EB018 /* Coordinator */ = {
			isa = PBXGroup;
			children = (
				FFDD29EF24CE19D6003EB018 /* DetailViewCoordinator.swift */,
			);
			path = Coordinator;
			sourceTree = "<group>";
		};
		FFDD29EC24CE1917003EB018 /* ViewModel */ = {
			isa = PBXGroup;
			children = (
				FFDD29ED24CE1937003EB018 /* DetailViewModel.swift */,
			);
			path = ViewModel;
			sourceTree = "<group>";
		};
		FFDD29F724CE3E86003EB018 /* Mapper */ = {
			isa = PBXGroup;
			children = (
				FFDFEF3224B2361C007229C9 /* MoviesMapper.swift */,
				FFDD29F824CE3E9B003EB018 /* GenresMapper.swift */,
			);
			path = Mapper;
			sourceTree = "<group>";
		};
		FFDD29FA24CE4093003EB018 /* Movies */ = {
			isa = PBXGroup;
			children = (
				FFDFEF2D24B230ED007229C9 /* MoviesService.swift */,
				FFDFEF3424B238FB007229C9 /* MoviesServiceImpl.swift */,
				FFDFF67424BBB2A000A5C9A9 /* PosterFetchService.swift */,
				FFDFF67624BBB3CB00A5C9A9 /* NukePosterFetchService.swift */,
			);
			path = Movies;
			sourceTree = "<group>";
		};
		FFDD29FB24CE40AC003EB018 /* Genre */ = {
			isa = PBXGroup;
			children = (
				FFDD29FC24CE40F8003EB018 /* RemoteGenreLoader.swift */,
				FFDD2A0524CE4556003EB018 /* GenreLoader.swift */,
				FF1A4DE524CF93D800816478 /* GenreCache.swift */,
			);
			path = Genre;
			sourceTree = "<group>";
		};
		FFDD29FE24CE413A003EB018 /* Movies */ = {
			isa = PBXGroup;
			children = (
				FF3A728324B286D1002479BB /* MoviesServiceImplTest.swift */,
			);
			path = Movies;
			sourceTree = "<group>";
		};
		FFDD2A0124CE41CF003EB018 /* Provider */ = {
			isa = PBXGroup;
			children = (
				FFDFEF3724B23A4E007229C9 /* ApiProvider.swift */,
				FFDD2A0224CE41F8003EB018 /* MoviesDBHttpProvider.swift */,
			);
			path = Provider;
			sourceTree = "<group>";
		};
		FFDD2A0424CE4415003EB018 /* Provider */ = {
			isa = PBXGroup;
			children = (
				FFFD890224CCDD05004C9393 /* MoviesDBHttpProviderTest.swift */,
			);
			path = Provider;
			sourceTree = "<group>";
		};
		FFDFEF2C24B230C2007229C9 /* Services */ = {
			isa = PBXGroup;
			children = (
				FFDD2A0124CE41CF003EB018 /* Provider */,
				FFDD29FB24CE40AC003EB018 /* Genre */,
				FFDD29FA24CE4093003EB018 /* Movies */,
				FFDD29F724CE3E86003EB018 /* Mapper */,
			);
			path = Services;
			sourceTree = "<group>";
		};
		FFDFEF2F24B232A6007229C9 /* Model */ = {
			isa = PBXGroup;
			children = (
				FFDFEF3024B233AB007229C9 /* Movie.swift */,
				FFDD29F324CE3C3C003EB018 /* Genre.swift */,
			);
			path = Model;
			sourceTree = "<group>";
		};
		FFE3FAA824D0E714007D3496 /* Detail */ = {
			isa = PBXGroup;
			children = (
				FFE3FABA24D1136E007D3496 /* View */,
				FFE3FAB524D10BE9007D3496 /* ViewModel */,
				FFE3FAA924D0E74B007D3496 /* Coordinator */,
			);
			path = Detail;
			sourceTree = "<group>";
		};
		FFE3FAA924D0E74B007D3496 /* Coordinator */ = {
			isa = PBXGroup;
			children = (
				FFE3FAAA24D0E765007D3496 /* DetailViewCoordinatorTest.swift */,
			);
			path = Coordinator;
			sourceTree = "<group>";
		};
		FFE3FAB024D0EC6F007D3496 /* Genre */ = {
			isa = PBXGroup;
			children = (
				FFE3FAB124D0EC81007D3496 /* RemoteGenreLoaderTest.swift */,
				FFE3FAB324D0F36E007D3496 /* GenreCacheTest.swift */,
			);
			path = Genre;
			sourceTree = "<group>";
		};
		FFE3FAB524D10BE9007D3496 /* ViewModel */ = {
			isa = PBXGroup;
			children = (
				FFE3FAB624D10C13007D3496 /* DetailViewModelTest.swift */,
			);
			path = ViewModel;
			sourceTree = "<group>";
		};
		FFE3FABA24D1136E007D3496 /* View */ = {
			isa = PBXGroup;
			children = (
				FFE3FABB24D11391007D3496 /* DetailViewControllerTest.swift */,
			);
			path = View;
			sourceTree = "<group>";
		};
		FFED2F4624B133DB009A61B7 = {
			isa = PBXGroup;
			children = (
				FFED2F5124B133DB009A61B7 /* PopularMovies */,
				FFED2F6B24B133DD009A61B7 /* PopularMoviesTests */,
				FFED2F7624B133DD009A61B7 /* PopularMoviesUITests */,
				FFED2F5024B133DB009A61B7 /* Products */,
				8168A964871DCD04465283B7 /* Pods */,
				231944D8905E7B21CFAC6A0E /* Frameworks */,
			);
			sourceTree = "<group>";
		};
		FFED2F5024B133DB009A61B7 /* Products */ = {
			isa = PBXGroup;
			children = (
				FFED2F4F24B133DB009A61B7 /* PopularMovies.app */,
				FFED2F6824B133DD009A61B7 /* PopularMoviesTests.xctest */,
				FFED2F7324B133DD009A61B7 /* PopularMoviesUITests.xctest */,
			);
			name = Products;
			sourceTree = "<group>";
		};
		FFED2F5124B133DB009A61B7 /* PopularMovies */ = {
			isa = PBXGroup;
			children = (
				FFED2F8624B135FD009A61B7 /* SupportFiles */,
				FFED2F8524B133F3009A61B7 /* Source */,
				FFED2F6024B133DD009A61B7 /* LaunchScreen.storyboard */,
				FFED2F5E24B133DD009A61B7 /* Assets.xcassets */,
			);
			path = PopularMovies;
			sourceTree = "<group>";
		};
		FFED2F6B24B133DD009A61B7 /* PopularMoviesTests */ = {
			isa = PBXGroup;
			children = (
				FFE3FAA824D0E714007D3496 /* Detail */,
				FF3A728524B2886E002479BB /* Mocks */,
				FF3A728224B26E12002479BB /* Services */,
				FF0DAB9624B2217E00E8BB70 /* Popular */,
				FFED2FAA24B14D11009A61B7 /* Movies */,
				FFED2F6E24B133DD009A61B7 /* Info.plist */,
			);
			path = PopularMoviesTests;
			sourceTree = "<group>";
		};
		FFED2F7624B133DD009A61B7 /* PopularMoviesUITests */ = {
			isa = PBXGroup;
			children = (
				FFED2F7724B133DD009A61B7 /* PopularMoviesUITests.swift */,
				FFED2F7924B133DD009A61B7 /* Info.plist */,
			);
			path = PopularMoviesUITests;
			sourceTree = "<group>";
		};
		FFED2F8524B133F3009A61B7 /* Source */ = {
			isa = PBXGroup;
			children = (
				FFDD29E424CE0CCB003EB018 /* Detail */,
				FFDFEF2F24B232A6007229C9 /* Model */,
				FFDFEF2C24B230C2007229C9 /* Services */,
				FFED2FA424B1494C009A61B7 /* Extensions */,
				FFED2FA324B148DB009A61B7 /* Utils */,
				FFED2F9424B13975009A61B7 /* Protocols */,
				FFED2F8F24B138A6009A61B7 /* Favorite */,
				FFED2F8C24B13879009A61B7 /* Popular */,
				FFED2F8A24B13855009A61B7 /* Movies */,
			);
			path = Source;
			sourceTree = "<group>";
		};
		FFED2F8624B135FD009A61B7 /* SupportFiles */ = {
			isa = PBXGroup;
			children = (
				FF1A4DE724CFB66700816478 /* Resources */,
				FFED2F5224B133DB009A61B7 /* AppDelegate.swift */,
				FFED2F5424B133DB009A61B7 /* SceneDelegate.swift */,
				FFED2F6324B133DD009A61B7 /* Info.plist */,
				FFED2F5B24B133DB009A61B7 /* PopularMovies.xcdatamodeld */,
				FFED2F9F24B14394009A61B7 /* Localizable.strings */,
				FF3A728824B2A47D002479BB /* ApiSecret.plist */,
			);
			path = SupportFiles;
			sourceTree = "<group>";
		};
		FFED2F8A24B13855009A61B7 /* Movies */ = {
			isa = PBXGroup;
			children = (
				FFED2F9724B139A9009A61B7 /* Coordinator */,
				FFED2F8B24B13864009A61B7 /* View */,
			);
			path = Movies;
			sourceTree = "<group>";
		};
		FFED2F8B24B13864009A61B7 /* View */ = {
			isa = PBXGroup;
			children = (
				FFBF78AC24BA690000C2A6F9 /* SpinnerViewController.swift */,
				FFED2F8824B13805009A61B7 /* MoviesTabBarViewController.swift */,
				FFD5FB2024B54E9E004D582C /* MovieCollectionViewCell.swift */,
				FFD5FB2124B54E9E004D582C /* MovieCollectionViewCell.xib */,
			);
			path = View;
			sourceTree = "<group>";
		};
		FFED2F8C24B13879009A61B7 /* Popular */ = {
			isa = PBXGroup;
			children = (
				FFD5FB1824B540FD004D582C /* ViewModel */,
				FFED2F9324B138C9009A61B7 /* View */,
			);
			path = Popular;
			sourceTree = "<group>";
		};
		FFED2F8F24B138A6009A61B7 /* Favorite */ = {
			isa = PBXGroup;
			children = (
				FFED2F9224B138C5009A61B7 /* View */,
			);
			path = Favorite;
			sourceTree = "<group>";
		};
		FFED2F9224B138C5009A61B7 /* View */ = {
			isa = PBXGroup;
			children = (
				FFED2F9024B138BB009A61B7 /* FavoriteMoviesViewController.swift */,
			);
			path = View;
			sourceTree = "<group>";
		};
		FFED2F9324B138C9009A61B7 /* View */ = {
			isa = PBXGroup;
			children = (
				FFED2F8D24B13898009A61B7 /* PopularMoviesViewController.swift */,
				FFED2FB124B16138009A61B7 /* PopularMoviesView.swift */,
			);
			path = View;
			sourceTree = "<group>";
		};
		FFED2F9424B13975009A61B7 /* Protocols */ = {
			isa = PBXGroup;
			children = (
				FFED2F9524B1398D009A61B7 /* Coordinator.swift */,
			);
			path = Protocols;
			sourceTree = "<group>";
		};
		FFED2F9724B139A9009A61B7 /* Coordinator */ = {
			isa = PBXGroup;
			children = (
				FFED2F9824B139CB009A61B7 /* MoviesCoordinator.swift */,
			);
			path = Coordinator;
			sourceTree = "<group>";
		};
		FFED2FA324B148DB009A61B7 /* Utils */ = {
			isa = PBXGroup;
			children = (
				FFED2FA724B14CAB009A61B7 /* Constants */,
			);
			path = Utils;
			sourceTree = "<group>";
		};
		FFED2FA424B1494C009A61B7 /* Extensions */ = {
			isa = PBXGroup;
			children = (
				FFED2FA524B14A42009A61B7 /* Swift+Localizable.swift */,
			);
			path = Extensions;
			sourceTree = "<group>";
		};
		FFED2FA724B14CAB009A61B7 /* Constants */ = {
			isa = PBXGroup;
			children = (
				FFED2FA124B1453E009A61B7 /* LocalizableConstants.swift */,
				FFED2FA824B14CBA009A61B7 /* Constants.swift */,
			);
			path = Constants;
			sourceTree = "<group>";
		};
		FFED2FAA24B14D11009A61B7 /* Movies */ = {
			isa = PBXGroup;
			children = (
				FFED2FAE24B1508F009A61B7 /* View */,
				FFED2FAB24B14D1A009A61B7 /* Coordinator */,
			);
			path = Movies;
			sourceTree = "<group>";
		};
		FFED2FAB24B14D1A009A61B7 /* Coordinator */ = {
			isa = PBXGroup;
			children = (
				FFED2FAC24B14D32009A61B7 /* MoviesCoordinatorTest.swift */,
			);
			path = Coordinator;
			sourceTree = "<group>";
		};
		FFED2FAE24B1508F009A61B7 /* View */ = {
			isa = PBXGroup;
			children = (
				FFED2FAF24B150B5009A61B7 /* MoviesTabBarViewControllerTest.swift */,
			);
			path = View;
			sourceTree = "<group>";
		};
/* End PBXGroup section */

/* Begin PBXNativeTarget section */
		FFED2F4E24B133DB009A61B7 /* PopularMovies */ = {
			isa = PBXNativeTarget;
			buildConfigurationList = FFED2F7C24B133DE009A61B7 /* Build configuration list for PBXNativeTarget "PopularMovies" */;
			buildPhases = (
				E0F83C03D5D08ED420900081 /* [CP] Check Pods Manifest.lock */,
				FFED2F4B24B133DB009A61B7 /* Sources */,
				FFED2F4C24B133DB009A61B7 /* Frameworks */,
				FFED2F4D24B133DB009A61B7 /* Resources */,
				EB381423DFB37D90593289B2 /* [CP] Embed Pods Frameworks */,
			);
			buildRules = (
			);
			dependencies = (
			);
			name = PopularMovies;
			productName = PopularMovies;
			productReference = FFED2F4F24B133DB009A61B7 /* PopularMovies.app */;
			productType = "com.apple.product-type.application";
		};
		FFED2F6724B133DD009A61B7 /* PopularMoviesTests */ = {
			isa = PBXNativeTarget;
			buildConfigurationList = FFED2F7F24B133DE009A61B7 /* Build configuration list for PBXNativeTarget "PopularMoviesTests" */;
			buildPhases = (
				C5722BDB5CC7D9A90EF68256 /* [CP] Check Pods Manifest.lock */,
				FFED2F6424B133DD009A61B7 /* Sources */,
				FFED2F6524B133DD009A61B7 /* Frameworks */,
				FFED2F6624B133DD009A61B7 /* Resources */,
				A30DB7782B36FD12637700BA /* [CP] Embed Pods Frameworks */,
			);
			buildRules = (
			);
			dependencies = (
				FFED2F6A24B133DD009A61B7 /* PBXTargetDependency */,
			);
			name = PopularMoviesTests;
			productName = PopularMoviesTests;
			productReference = FFED2F6824B133DD009A61B7 /* PopularMoviesTests.xctest */;
			productType = "com.apple.product-type.bundle.unit-test";
		};
		FFED2F7224B133DD009A61B7 /* PopularMoviesUITests */ = {
			isa = PBXNativeTarget;
			buildConfigurationList = FFED2F8224B133DE009A61B7 /* Build configuration list for PBXNativeTarget "PopularMoviesUITests" */;
			buildPhases = (
				C901618E30676BA7E593EE33 /* [CP] Check Pods Manifest.lock */,
				FFED2F6F24B133DD009A61B7 /* Sources */,
				FFED2F7024B133DD009A61B7 /* Frameworks */,
				FFED2F7124B133DD009A61B7 /* Resources */,
				0E3C7978A5563E40B74C6456 /* [CP] Embed Pods Frameworks */,
			);
			buildRules = (
			);
			dependencies = (
				FFED2F7524B133DD009A61B7 /* PBXTargetDependency */,
			);
			name = PopularMoviesUITests;
			productName = PopularMoviesUITests;
			productReference = FFED2F7324B133DD009A61B7 /* PopularMoviesUITests.xctest */;
			productType = "com.apple.product-type.bundle.ui-testing";
		};
/* End PBXNativeTarget section */

/* Begin PBXProject section */
		FFED2F4724B133DB009A61B7 /* Project object */ = {
			isa = PBXProject;
			attributes = {
				LastSwiftUpdateCheck = 1150;
				LastUpgradeCheck = 1150;
				TargetAttributes = {
					FFED2F4E24B133DB009A61B7 = {
						CreatedOnToolsVersion = 11.5;
					};
					FFED2F6724B133DD009A61B7 = {
						CreatedOnToolsVersion = 11.5;
						TestTargetID = FFED2F4E24B133DB009A61B7;
					};
					FFED2F7224B133DD009A61B7 = {
						CreatedOnToolsVersion = 11.5;
						TestTargetID = FFED2F4E24B133DB009A61B7;
					};
				};
			};
			buildConfigurationList = FFED2F4A24B133DB009A61B7 /* Build configuration list for PBXProject "PopularMovies" */;
			compatibilityVersion = "Xcode 9.3";
			developmentRegion = en;
			hasScannedForEncodings = 0;
			knownRegions = (
				en,
				Base,
				"pt-BR",
			);
			mainGroup = FFED2F4624B133DB009A61B7;
			productRefGroup = FFED2F5024B133DB009A61B7 /* Products */;
			projectDirPath = "";
			projectRoot = "";
			targets = (
				FFED2F4E24B133DB009A61B7 /* PopularMovies */,
				FFED2F6724B133DD009A61B7 /* PopularMoviesTests */,
				FFED2F7224B133DD009A61B7 /* PopularMoviesUITests */,
			);
		};
/* End PBXProject section */

/* Begin PBXResourcesBuildPhase section */
		FFED2F4D24B133DB009A61B7 /* Resources */ = {
			isa = PBXResourcesBuildPhase;
			buildActionMask = 2147483647;
			files = (
				FFD5FB2324B54E9E004D582C /* MovieCollectionViewCell.xib in Resources */,
				FF94887524F31C440076E431 /* 156-star-blast.json in Resources */,
				FFDD29E924CE0D2C003EB018 /* DetailViewController.xib in Resources */,
				FFED2F6224B133DD009A61B7 /* LaunchScreen.storyboard in Resources */,
				FF3A728924B2A47D002479BB /* ApiSecret.plist in Resources */,
				FF1A4DE924CFB67700816478 /* genres.json in Resources */,
				FFED2F9D24B14394009A61B7 /* Localizable.strings in Resources */,
				FFED2F5F24B133DD009A61B7 /* Assets.xcassets in Resources */,
			);
			runOnlyForDeploymentPostprocessing = 0;
		};
		FFED2F6624B133DD009A61B7 /* Resources */ = {
			isa = PBXResourcesBuildPhase;
			buildActionMask = 2147483647;
			files = (
			);
			runOnlyForDeploymentPostprocessing = 0;
		};
		FFED2F7124B133DD009A61B7 /* Resources */ = {
			isa = PBXResourcesBuildPhase;
			buildActionMask = 2147483647;
			files = (
			);
			runOnlyForDeploymentPostprocessing = 0;
		};
/* End PBXResourcesBuildPhase section */

/* Begin PBXShellScriptBuildPhase section */
		0E3C7978A5563E40B74C6456 /* [CP] Embed Pods Frameworks */ = {
			isa = PBXShellScriptBuildPhase;
			buildActionMask = 2147483647;
			files = (
			);
			inputFileListPaths = (
				"${PODS_ROOT}/Target Support Files/Pods-PopularMovies-PopularMoviesUITests/Pods-PopularMovies-PopularMoviesUITests-frameworks-${CONFIGURATION}-input-files.xcfilelist",
			);
			name = "[CP] Embed Pods Frameworks";
			outputFileListPaths = (
				"${PODS_ROOT}/Target Support Files/Pods-PopularMovies-PopularMoviesUITests/Pods-PopularMovies-PopularMoviesUITests-frameworks-${CONFIGURATION}-output-files.xcfilelist",
			);
			runOnlyForDeploymentPostprocessing = 0;
			shellPath = /bin/sh;
			shellScript = "\"${PODS_ROOT}/Target Support Files/Pods-PopularMovies-PopularMoviesUITests/Pods-PopularMovies-PopularMoviesUITests-frameworks.sh\"\n";
			showEnvVarsInLog = 0;
		};
		A30DB7782B36FD12637700BA /* [CP] Embed Pods Frameworks */ = {
			isa = PBXShellScriptBuildPhase;
			buildActionMask = 2147483647;
			files = (
			);
			inputFileListPaths = (
				"${PODS_ROOT}/Target Support Files/Pods-PopularMoviesTests/Pods-PopularMoviesTests-frameworks-${CONFIGURATION}-input-files.xcfilelist",
			);
			name = "[CP] Embed Pods Frameworks";
			outputFileListPaths = (
				"${PODS_ROOT}/Target Support Files/Pods-PopularMoviesTests/Pods-PopularMoviesTests-frameworks-${CONFIGURATION}-output-files.xcfilelist",
			);
			runOnlyForDeploymentPostprocessing = 0;
			shellPath = /bin/sh;
			shellScript = "\"${PODS_ROOT}/Target Support Files/Pods-PopularMoviesTests/Pods-PopularMoviesTests-frameworks.sh\"\n";
			showEnvVarsInLog = 0;
		};
		C5722BDB5CC7D9A90EF68256 /* [CP] Check Pods Manifest.lock */ = {
			isa = PBXShellScriptBuildPhase;
			buildActionMask = 2147483647;
			files = (
			);
			inputFileListPaths = (
			);
			inputPaths = (
				"${PODS_PODFILE_DIR_PATH}/Podfile.lock",
				"${PODS_ROOT}/Manifest.lock",
			);
			name = "[CP] Check Pods Manifest.lock";
			outputFileListPaths = (
			);
			outputPaths = (
				"$(DERIVED_FILE_DIR)/Pods-PopularMoviesTests-checkManifestLockResult.txt",
			);
			runOnlyForDeploymentPostprocessing = 0;
			shellPath = /bin/sh;
			shellScript = "diff \"${PODS_PODFILE_DIR_PATH}/Podfile.lock\" \"${PODS_ROOT}/Manifest.lock\" > /dev/null\nif [ $? != 0 ] ; then\n    # print error to STDERR\n    echo \"error: The sandbox is not in sync with the Podfile.lock. Run 'pod install' or update your CocoaPods installation.\" >&2\n    exit 1\nfi\n# This output is used by Xcode 'outputs' to avoid re-running this script phase.\necho \"SUCCESS\" > \"${SCRIPT_OUTPUT_FILE_0}\"\n";
			showEnvVarsInLog = 0;
		};
		C901618E30676BA7E593EE33 /* [CP] Check Pods Manifest.lock */ = {
			isa = PBXShellScriptBuildPhase;
			buildActionMask = 2147483647;
			files = (
			);
			inputFileListPaths = (
			);
			inputPaths = (
				"${PODS_PODFILE_DIR_PATH}/Podfile.lock",
				"${PODS_ROOT}/Manifest.lock",
			);
			name = "[CP] Check Pods Manifest.lock";
			outputFileListPaths = (
			);
			outputPaths = (
				"$(DERIVED_FILE_DIR)/Pods-PopularMovies-PopularMoviesUITests-checkManifestLockResult.txt",
			);
			runOnlyForDeploymentPostprocessing = 0;
			shellPath = /bin/sh;
			shellScript = "diff \"${PODS_PODFILE_DIR_PATH}/Podfile.lock\" \"${PODS_ROOT}/Manifest.lock\" > /dev/null\nif [ $? != 0 ] ; then\n    # print error to STDERR\n    echo \"error: The sandbox is not in sync with the Podfile.lock. Run 'pod install' or update your CocoaPods installation.\" >&2\n    exit 1\nfi\n# This output is used by Xcode 'outputs' to avoid re-running this script phase.\necho \"SUCCESS\" > \"${SCRIPT_OUTPUT_FILE_0}\"\n";
			showEnvVarsInLog = 0;
		};
		E0F83C03D5D08ED420900081 /* [CP] Check Pods Manifest.lock */ = {
			isa = PBXShellScriptBuildPhase;
			buildActionMask = 2147483647;
			files = (
			);
			inputFileListPaths = (
			);
			inputPaths = (
				"${PODS_PODFILE_DIR_PATH}/Podfile.lock",
				"${PODS_ROOT}/Manifest.lock",
			);
			name = "[CP] Check Pods Manifest.lock";
			outputFileListPaths = (
			);
			outputPaths = (
				"$(DERIVED_FILE_DIR)/Pods-PopularMovies-checkManifestLockResult.txt",
			);
			runOnlyForDeploymentPostprocessing = 0;
			shellPath = /bin/sh;
			shellScript = "diff \"${PODS_PODFILE_DIR_PATH}/Podfile.lock\" \"${PODS_ROOT}/Manifest.lock\" > /dev/null\nif [ $? != 0 ] ; then\n    # print error to STDERR\n    echo \"error: The sandbox is not in sync with the Podfile.lock. Run 'pod install' or update your CocoaPods installation.\" >&2\n    exit 1\nfi\n# This output is used by Xcode 'outputs' to avoid re-running this script phase.\necho \"SUCCESS\" > \"${SCRIPT_OUTPUT_FILE_0}\"\n";
			showEnvVarsInLog = 0;
		};
		EB381423DFB37D90593289B2 /* [CP] Embed Pods Frameworks */ = {
			isa = PBXShellScriptBuildPhase;
			buildActionMask = 2147483647;
			files = (
			);
			inputFileListPaths = (
				"${PODS_ROOT}/Target Support Files/Pods-PopularMovies/Pods-PopularMovies-frameworks-${CONFIGURATION}-input-files.xcfilelist",
			);
			name = "[CP] Embed Pods Frameworks";
			outputFileListPaths = (
				"${PODS_ROOT}/Target Support Files/Pods-PopularMovies/Pods-PopularMovies-frameworks-${CONFIGURATION}-output-files.xcfilelist",
			);
			runOnlyForDeploymentPostprocessing = 0;
			shellPath = /bin/sh;
			shellScript = "\"${PODS_ROOT}/Target Support Files/Pods-PopularMovies/Pods-PopularMovies-frameworks.sh\"\n";
			showEnvVarsInLog = 0;
		};
/* End PBXShellScriptBuildPhase section */

/* Begin PBXSourcesBuildPhase section */
		FFED2F4B24B133DB009A61B7 /* Sources */ = {
			isa = PBXSourcesBuildPhase;
			buildActionMask = 2147483647;
			files = (
				FFDD29F924CE3E9B003EB018 /* GenresMapper.swift in Sources */,
				FFDD29F424CE3C3C003EB018 /* Genre.swift in Sources */,
				FFDFEF3124B233AB007229C9 /* Movie.swift in Sources */,
				FFED2F9624B1398D009A61B7 /* Coordinator.swift in Sources */,
				FFDD29E824CE0D2C003EB018 /* DetailViewController.swift in Sources */,
				FFDFEF3824B23A4E007229C9 /* ApiProvider.swift in Sources */,
				FFED2FA924B14CBA009A61B7 /* Constants.swift in Sources */,
				FFDFEF3324B2361C007229C9 /* MoviesMapper.swift in Sources */,
				FFDFEF3524B238FB007229C9 /* MoviesServiceImpl.swift in Sources */,
				FFDD29EE24CE1937003EB018 /* DetailViewModel.swift in Sources */,
				FFED2F8924B13805009A61B7 /* MoviesTabBarViewController.swift in Sources */,
				FFED2F8E24B13898009A61B7 /* PopularMoviesViewController.swift in Sources */,
				FFED2F9924B139CB009A61B7 /* MoviesCoordinator.swift in Sources */,
				FFDD2A0324CE41F8003EB018 /* MoviesDBHttpProvider.swift in Sources */,
				FFED2FA624B14A42009A61B7 /* Swift+Localizable.swift in Sources */,
				FF1A4DE624CF93D800816478 /* GenreCache.swift in Sources */,
				FFDFF67724BBB3CB00A5C9A9 /* NukePosterFetchService.swift in Sources */,
				FFED2F5D24B133DB009A61B7 /* PopularMovies.xcdatamodeld in Sources */,
				FFED2F5324B133DB009A61B7 /* AppDelegate.swift in Sources */,
				FFD5FB2224B54E9E004D582C /* MovieCollectionViewCell.swift in Sources */,
				FFED2F9124B138BB009A61B7 /* FavoriteMoviesViewController.swift in Sources */,
				FFDFF67524BBB2A000A5C9A9 /* PosterFetchService.swift in Sources */,
				FFED2F5524B133DB009A61B7 /* SceneDelegate.swift in Sources */,
				FFDD29F024CE19D6003EB018 /* DetailViewCoordinator.swift in Sources */,
				FFDD2A0624CE4556003EB018 /* GenreLoader.swift in Sources */,
				FFDFEF2E24B230ED007229C9 /* MoviesService.swift in Sources */,
				FFBF78AD24BA690000C2A6F9 /* SpinnerViewController.swift in Sources */,
				FFED2FA224B1453E009A61B7 /* LocalizableConstants.swift in Sources */,
				FFED2FB224B16138009A61B7 /* PopularMoviesView.swift in Sources */,
				FFD5FB1A24B54132004D582C /* PopularMoviesViewModel.swift in Sources */,
				FFDD29FD24CE40F8003EB018 /* RemoteGenreLoader.swift in Sources */,
			);
			runOnlyForDeploymentPostprocessing = 0;
		};
		FFED2F6424B133DD009A61B7 /* Sources */ = {
			isa = PBXSourcesBuildPhase;
			buildActionMask = 2147483647;
			files = (
				FFE3FAAB24D0E765007D3496 /* DetailViewCoordinatorTest.swift in Sources */,
				FFFD890324CCDD05004C9393 /* MoviesDBHttpProviderTest.swift in Sources */,
				FFF07C8224D217D700A8C911 /* GenreCacheMock.swift in Sources */,
				FFD5FB1F24B545E5004D582C /* MoviesServiceMock.swift in Sources */,
				FFED2FB024B150B5009A61B7 /* MoviesTabBarViewControllerTest.swift in Sources */,
				FFE3FABC24D11391007D3496 /* DetailViewControllerTest.swift in Sources */,
				FFE3FAB424D0F36E007D3496 /* GenreCacheTest.swift in Sources */,
				FF3A728424B286D1002479BB /* MoviesServiceImplTest.swift in Sources */,
				FFE3FAAD24D0E937007D3496 /* Movie+Stub.swift in Sources */,
				FFE3FAB924D10DCB007D3496 /* DataStub.swift in Sources */,
				FFE3FAAF24D0EB7A007D3496 /* UINavigationControllerMock.swift in Sources */,
				FFDFEF2B24B22AF3007229C9 /* PopularMoviesViewControllerTest.swift in Sources */,
				FFD5FB1D24B54484004D582C /* PopularMoviesViewModelTest.swift in Sources */,
				FF1F521B24CBD27D00B4F7AD /* URLProtocolMock.swift in Sources */,
				FF3A728724B2888B002479BB /* ApiProviderMock.swift in Sources */,
				FFE3FAB224D0EC81007D3496 /* RemoteGenreLoaderTest.swift in Sources */,
				FFED2FAD24B14D32009A61B7 /* MoviesCoordinatorTest.swift in Sources */,
				FF7F72C924BBC68600A77D25 /* PosterFetchServiceMock.swift in Sources */,
				FFE3FAB724D10C13007D3496 /* DetailViewModelTest.swift in Sources */,
				FF0DAB9924B221BF00E8BB70 /* PopularMoviesViewTest.swift in Sources */,
			);
			runOnlyForDeploymentPostprocessing = 0;
		};
		FFED2F6F24B133DD009A61B7 /* Sources */ = {
			isa = PBXSourcesBuildPhase;
			buildActionMask = 2147483647;
			files = (
				FFED2F7824B133DD009A61B7 /* PopularMoviesUITests.swift in Sources */,
			);
			runOnlyForDeploymentPostprocessing = 0;
		};
/* End PBXSourcesBuildPhase section */

/* Begin PBXTargetDependency section */
		FFED2F6A24B133DD009A61B7 /* PBXTargetDependency */ = {
			isa = PBXTargetDependency;
			target = FFED2F4E24B133DB009A61B7 /* PopularMovies */;
			targetProxy = FFED2F6924B133DD009A61B7 /* PBXContainerItemProxy */;
		};
		FFED2F7524B133DD009A61B7 /* PBXTargetDependency */ = {
			isa = PBXTargetDependency;
			target = FFED2F4E24B133DB009A61B7 /* PopularMovies */;
			targetProxy = FFED2F7424B133DD009A61B7 /* PBXContainerItemProxy */;
		};
/* End PBXTargetDependency section */

/* Begin PBXVariantGroup section */
		FFED2F6024B133DD009A61B7 /* LaunchScreen.storyboard */ = {
			isa = PBXVariantGroup;
			children = (
				FFED2F6124B133DD009A61B7 /* Base */,
			);
			name = LaunchScreen.storyboard;
			sourceTree = "<group>";
		};
		FFED2F9F24B14394009A61B7 /* Localizable.strings */ = {
			isa = PBXVariantGroup;
			children = (
				FFED2F9E24B14394009A61B7 /* en */,
				FFED2FA024B143AE009A61B7 /* pt-BR */,
			);
			name = Localizable.strings;
			sourceTree = "<group>";
		};
/* End PBXVariantGroup section */

/* Begin XCBuildConfiguration section */
		FFED2F7A24B133DE009A61B7 /* Debug */ = {
			isa = XCBuildConfiguration;
			buildSettings = {
				ALWAYS_SEARCH_USER_PATHS = NO;
				CLANG_ANALYZER_LOCALIZABILITY_NONLOCALIZED = YES;
				CLANG_ANALYZER_NONNULL = YES;
				CLANG_ANALYZER_NUMBER_OBJECT_CONVERSION = YES_AGGRESSIVE;
				CLANG_CXX_LANGUAGE_STANDARD = "gnu++14";
				CLANG_CXX_LIBRARY = "libc++";
				CLANG_ENABLE_MODULES = YES;
				CLANG_ENABLE_OBJC_ARC = YES;
				CLANG_ENABLE_OBJC_WEAK = YES;
				CLANG_WARN_BLOCK_CAPTURE_AUTORELEASING = YES;
				CLANG_WARN_BOOL_CONVERSION = YES;
				CLANG_WARN_COMMA = YES;
				CLANG_WARN_CONSTANT_CONVERSION = YES;
				CLANG_WARN_DEPRECATED_OBJC_IMPLEMENTATIONS = YES;
				CLANG_WARN_DIRECT_OBJC_ISA_USAGE = YES_ERROR;
				CLANG_WARN_DOCUMENTATION_COMMENTS = YES;
				CLANG_WARN_EMPTY_BODY = YES;
				CLANG_WARN_ENUM_CONVERSION = YES;
				CLANG_WARN_INFINITE_RECURSION = YES;
				CLANG_WARN_INT_CONVERSION = YES;
				CLANG_WARN_NON_LITERAL_NULL_CONVERSION = YES;
				CLANG_WARN_OBJC_IMPLICIT_RETAIN_SELF = YES;
				CLANG_WARN_OBJC_LITERAL_CONVERSION = YES;
				CLANG_WARN_OBJC_ROOT_CLASS = YES_ERROR;
				CLANG_WARN_RANGE_LOOP_ANALYSIS = YES;
				CLANG_WARN_STRICT_PROTOTYPES = YES;
				CLANG_WARN_SUSPICIOUS_MOVE = YES;
				CLANG_WARN_UNGUARDED_AVAILABILITY = YES_AGGRESSIVE;
				CLANG_WARN_UNREACHABLE_CODE = YES;
				CLANG_WARN__DUPLICATE_METHOD_MATCH = YES;
				COPY_PHASE_STRIP = NO;
				DEBUG_INFORMATION_FORMAT = dwarf;
				ENABLE_STRICT_OBJC_MSGSEND = YES;
				ENABLE_TESTABILITY = YES;
				GCC_C_LANGUAGE_STANDARD = gnu11;
				GCC_DYNAMIC_NO_PIC = NO;
				GCC_NO_COMMON_BLOCKS = YES;
				GCC_OPTIMIZATION_LEVEL = 0;
				GCC_PREPROCESSOR_DEFINITIONS = (
					"DEBUG=1",
					"$(inherited)",
				);
				GCC_WARN_64_TO_32_BIT_CONVERSION = YES;
				GCC_WARN_ABOUT_RETURN_TYPE = YES_ERROR;
				GCC_WARN_UNDECLARED_SELECTOR = YES;
				GCC_WARN_UNINITIALIZED_AUTOS = YES_AGGRESSIVE;
				GCC_WARN_UNUSED_FUNCTION = YES;
				GCC_WARN_UNUSED_VARIABLE = YES;
				IPHONEOS_DEPLOYMENT_TARGET = 13.5;
				MTL_ENABLE_DEBUG_INFO = INCLUDE_SOURCE;
				MTL_FAST_MATH = YES;
				ONLY_ACTIVE_ARCH = YES;
				SDKROOT = iphoneos;
				SWIFT_ACTIVE_COMPILATION_CONDITIONS = DEBUG;
				SWIFT_OPTIMIZATION_LEVEL = "-Onone";
			};
			name = Debug;
		};
		FFED2F7B24B133DE009A61B7 /* Release */ = {
			isa = XCBuildConfiguration;
			buildSettings = {
				ALWAYS_SEARCH_USER_PATHS = NO;
				CLANG_ANALYZER_LOCALIZABILITY_NONLOCALIZED = YES;
				CLANG_ANALYZER_NONNULL = YES;
				CLANG_ANALYZER_NUMBER_OBJECT_CONVERSION = YES_AGGRESSIVE;
				CLANG_CXX_LANGUAGE_STANDARD = "gnu++14";
				CLANG_CXX_LIBRARY = "libc++";
				CLANG_ENABLE_MODULES = YES;
				CLANG_ENABLE_OBJC_ARC = YES;
				CLANG_ENABLE_OBJC_WEAK = YES;
				CLANG_WARN_BLOCK_CAPTURE_AUTORELEASING = YES;
				CLANG_WARN_BOOL_CONVERSION = YES;
				CLANG_WARN_COMMA = YES;
				CLANG_WARN_CONSTANT_CONVERSION = YES;
				CLANG_WARN_DEPRECATED_OBJC_IMPLEMENTATIONS = YES;
				CLANG_WARN_DIRECT_OBJC_ISA_USAGE = YES_ERROR;
				CLANG_WARN_DOCUMENTATION_COMMENTS = YES;
				CLANG_WARN_EMPTY_BODY = YES;
				CLANG_WARN_ENUM_CONVERSION = YES;
				CLANG_WARN_INFINITE_RECURSION = YES;
				CLANG_WARN_INT_CONVERSION = YES;
				CLANG_WARN_NON_LITERAL_NULL_CONVERSION = YES;
				CLANG_WARN_OBJC_IMPLICIT_RETAIN_SELF = YES;
				CLANG_WARN_OBJC_LITERAL_CONVERSION = YES;
				CLANG_WARN_OBJC_ROOT_CLASS = YES_ERROR;
				CLANG_WARN_RANGE_LOOP_ANALYSIS = YES;
				CLANG_WARN_STRICT_PROTOTYPES = YES;
				CLANG_WARN_SUSPICIOUS_MOVE = YES;
				CLANG_WARN_UNGUARDED_AVAILABILITY = YES_AGGRESSIVE;
				CLANG_WARN_UNREACHABLE_CODE = YES;
				CLANG_WARN__DUPLICATE_METHOD_MATCH = YES;
				COPY_PHASE_STRIP = NO;
				DEBUG_INFORMATION_FORMAT = "dwarf-with-dsym";
				ENABLE_NS_ASSERTIONS = NO;
				ENABLE_STRICT_OBJC_MSGSEND = YES;
				GCC_C_LANGUAGE_STANDARD = gnu11;
				GCC_NO_COMMON_BLOCKS = YES;
				GCC_WARN_64_TO_32_BIT_CONVERSION = YES;
				GCC_WARN_ABOUT_RETURN_TYPE = YES_ERROR;
				GCC_WARN_UNDECLARED_SELECTOR = YES;
				GCC_WARN_UNINITIALIZED_AUTOS = YES_AGGRESSIVE;
				GCC_WARN_UNUSED_FUNCTION = YES;
				GCC_WARN_UNUSED_VARIABLE = YES;
				IPHONEOS_DEPLOYMENT_TARGET = 13.5;
				MTL_ENABLE_DEBUG_INFO = NO;
				MTL_FAST_MATH = YES;
				SDKROOT = iphoneos;
				SWIFT_COMPILATION_MODE = wholemodule;
				SWIFT_OPTIMIZATION_LEVEL = "-O";
				VALIDATE_PRODUCT = YES;
			};
			name = Release;
		};
		FFED2F7D24B133DE009A61B7 /* Debug */ = {
			isa = XCBuildConfiguration;
			baseConfigurationReference = 2DCC0203998A22B8746E3FAB /* Pods-PopularMovies.debug.xcconfig */;
			buildSettings = {
				ASSETCATALOG_COMPILER_APPICON_NAME = AppIcon;
				CODE_SIGN_STYLE = Automatic;
				INFOPLIST_FILE = PopularMovies/SupportFiles/Info.plist;
				LD_RUNPATH_SEARCH_PATHS = (
					"$(inherited)",
					"@executable_path/Frameworks",
				);
				PRODUCT_BUNDLE_IDENTIFIER = com.hashicode.PopularMovies;
				PRODUCT_NAME = "$(TARGET_NAME)";
				SWIFT_VERSION = 5.0;
				TARGETED_DEVICE_FAMILY = "1,2";
			};
			name = Debug;
		};
		FFED2F7E24B133DE009A61B7 /* Release */ = {
			isa = XCBuildConfiguration;
			baseConfigurationReference = 211269E23FAD64CE89F23A20 /* Pods-PopularMovies.release.xcconfig */;
			buildSettings = {
				ASSETCATALOG_COMPILER_APPICON_NAME = AppIcon;
				CODE_SIGN_STYLE = Automatic;
				INFOPLIST_FILE = PopularMovies/SupportFiles/Info.plist;
				LD_RUNPATH_SEARCH_PATHS = (
					"$(inherited)",
					"@executable_path/Frameworks",
				);
				PRODUCT_BUNDLE_IDENTIFIER = com.hashicode.PopularMovies;
				PRODUCT_NAME = "$(TARGET_NAME)";
				SWIFT_VERSION = 5.0;
				TARGETED_DEVICE_FAMILY = "1,2";
			};
			name = Release;
		};
		FFED2F8024B133DE009A61B7 /* Debug */ = {
			isa = XCBuildConfiguration;
			baseConfigurationReference = 46C7D96AA7E20CC9F70C876A /* Pods-PopularMoviesTests.debug.xcconfig */;
			buildSettings = {
				ALWAYS_EMBED_SWIFT_STANDARD_LIBRARIES = YES;
				BUNDLE_LOADER = "$(TEST_HOST)";
				CODE_SIGN_STYLE = Automatic;
				INFOPLIST_FILE = PopularMoviesTests/Info.plist;
				IPHONEOS_DEPLOYMENT_TARGET = 13.5;
				LD_RUNPATH_SEARCH_PATHS = (
					"$(inherited)",
					"@executable_path/Frameworks",
					"@loader_path/Frameworks",
				);
				PRODUCT_BUNDLE_IDENTIFIER = com.hashicode.PopularMoviesTests;
				PRODUCT_NAME = "$(TARGET_NAME)";
				SWIFT_VERSION = 5.0;
				TARGETED_DEVICE_FAMILY = "1,2";
				TEST_HOST = "$(BUILT_PRODUCTS_DIR)/PopularMovies.app/PopularMovies";
			};
			name = Debug;
		};
		FFED2F8124B133DE009A61B7 /* Release */ = {
			isa = XCBuildConfiguration;
			baseConfigurationReference = E6DB02723D31B7E6FF69D744 /* Pods-PopularMoviesTests.release.xcconfig */;
			buildSettings = {
				ALWAYS_EMBED_SWIFT_STANDARD_LIBRARIES = YES;
				BUNDLE_LOADER = "$(TEST_HOST)";
				CODE_SIGN_STYLE = Automatic;
				INFOPLIST_FILE = PopularMoviesTests/Info.plist;
				IPHONEOS_DEPLOYMENT_TARGET = 13.5;
				LD_RUNPATH_SEARCH_PATHS = (
					"$(inherited)",
					"@executable_path/Frameworks",
					"@loader_path/Frameworks",
				);
				PRODUCT_BUNDLE_IDENTIFIER = com.hashicode.PopularMoviesTests;
				PRODUCT_NAME = "$(TARGET_NAME)";
				SWIFT_VERSION = 5.0;
				TARGETED_DEVICE_FAMILY = "1,2";
				TEST_HOST = "$(BUILT_PRODUCTS_DIR)/PopularMovies.app/PopularMovies";
			};
			name = Release;
		};
		FFED2F8324B133DE009A61B7 /* Debug */ = {
			isa = XCBuildConfiguration;
			baseConfigurationReference = 6F8F37FB9E8FCD2FC83E301B /* Pods-PopularMovies-PopularMoviesUITests.debug.xcconfig */;
			buildSettings = {
				ALWAYS_EMBED_SWIFT_STANDARD_LIBRARIES = YES;
				CODE_SIGN_STYLE = Automatic;
				INFOPLIST_FILE = PopularMoviesUITests/Info.plist;
				LD_RUNPATH_SEARCH_PATHS = (
					"$(inherited)",
					"@executable_path/Frameworks",
					"@loader_path/Frameworks",
				);
				PRODUCT_BUNDLE_IDENTIFIER = com.hashicode.PopularMoviesUITests;
				PRODUCT_NAME = "$(TARGET_NAME)";
				SWIFT_VERSION = 5.0;
				TARGETED_DEVICE_FAMILY = "1,2";
				TEST_TARGET_NAME = PopularMovies;
			};
			name = Debug;
		};
		FFED2F8424B133DE009A61B7 /* Release */ = {
			isa = XCBuildConfiguration;
			baseConfigurationReference = 3E0D8053587B2B094424CBC0 /* Pods-PopularMovies-PopularMoviesUITests.release.xcconfig */;
			buildSettings = {
				ALWAYS_EMBED_SWIFT_STANDARD_LIBRARIES = YES;
				CODE_SIGN_STYLE = Automatic;
				INFOPLIST_FILE = PopularMoviesUITests/Info.plist;
				LD_RUNPATH_SEARCH_PATHS = (
					"$(inherited)",
					"@executable_path/Frameworks",
					"@loader_path/Frameworks",
				);
				PRODUCT_BUNDLE_IDENTIFIER = com.hashicode.PopularMoviesUITests;
				PRODUCT_NAME = "$(TARGET_NAME)";
				SWIFT_VERSION = 5.0;
				TARGETED_DEVICE_FAMILY = "1,2";
				TEST_TARGET_NAME = PopularMovies;
			};
			name = Release;
		};
/* End XCBuildConfiguration section */

/* Begin XCConfigurationList section */
		FFED2F4A24B133DB009A61B7 /* Build configuration list for PBXProject "PopularMovies" */ = {
			isa = XCConfigurationList;
			buildConfigurations = (
				FFED2F7A24B133DE009A61B7 /* Debug */,
				FFED2F7B24B133DE009A61B7 /* Release */,
			);
			defaultConfigurationIsVisible = 0;
			defaultConfigurationName = Release;
		};
		FFED2F7C24B133DE009A61B7 /* Build configuration list for PBXNativeTarget "PopularMovies" */ = {
			isa = XCConfigurationList;
			buildConfigurations = (
				FFED2F7D24B133DE009A61B7 /* Debug */,
				FFED2F7E24B133DE009A61B7 /* Release */,
			);
			defaultConfigurationIsVisible = 0;
			defaultConfigurationName = Release;
		};
		FFED2F7F24B133DE009A61B7 /* Build configuration list for PBXNativeTarget "PopularMoviesTests" */ = {
			isa = XCConfigurationList;
			buildConfigurations = (
				FFED2F8024B133DE009A61B7 /* Debug */,
				FFED2F8124B133DE009A61B7 /* Release */,
			);
			defaultConfigurationIsVisible = 0;
			defaultConfigurationName = Release;
		};
		FFED2F8224B133DE009A61B7 /* Build configuration list for PBXNativeTarget "PopularMoviesUITests" */ = {
			isa = XCConfigurationList;
			buildConfigurations = (
				FFED2F8324B133DE009A61B7 /* Debug */,
				FFED2F8424B133DE009A61B7 /* Release */,
			);
			defaultConfigurationIsVisible = 0;
			defaultConfigurationName = Release;
		};
/* End XCConfigurationList section */

/* Begin XCVersionGroup section */
		FFED2F5B24B133DB009A61B7 /* PopularMovies.xcdatamodeld */ = {
			isa = XCVersionGroup;
			children = (
				FFED2F5C24B133DB009A61B7 /* PopularMovies.xcdatamodel */,
			);
			currentVersion = FFED2F5C24B133DB009A61B7 /* PopularMovies.xcdatamodel */;
			path = PopularMovies.xcdatamodeld;
			sourceTree = "<group>";
			versionGroupType = wrapper.xcdatamodel;
		};
/* End XCVersionGroup section */
	};
	rootObject = FFED2F4724B133DB009A61B7 /* Project object */;
}
